
Microsoft Visual Studio Solution File, Format Version 12.00
# Visual Studio Version 16
VisualStudioVersion = 16.0.32602.291
MinimumVisualStudioVersion = 10.0.40219.1
Project("{FAE04EC0-301F-11D3-BF4B-00C04F79EFBC}") = "W.A.F.E.M", "W.A.F.E.M\W.A.F.E.M.csproj", "{1E807034-FB6E-4677-952C-AF1C048CC0B3}"
EndProject
Global
	GlobalSection(SolutionConfigurationPlatforms) = preSolution
		Debug|Any CPU = Debug|Any CPU
		Release|Any CPU = Release|Any CPU
	EndGlobalSection
	GlobalSection(ProjectConfigurationPlatforms) = postSolution
		{1E807034-FB6E-4677-952C-AF1C048CC0B3}.Debug|Any CPU.ActiveCfg = Debug|Any CPU
		{1E807034-FB6E-4677-952C-AF1C048CC0B3}.Debug|Any CPU.Build.0 = Debug|Any CPU
		{1E807034-FB6E-4677-952C-AF1C048CC0B3}.Release|Any CPU.ActiveCfg = Release|Any CPU
		{1E807034-FB6E-4677-952C-AF1C048CC0B3}.Release|Any CPU.Build.0 = Release|Any CPU
	EndGlobalSection
	GlobalSection(SolutionProperties) = preSolution
		HideSolutionNode = FALSE
	EndGlobalSection
	GlobalSection(ExtensibilityGlobals) = postSolution
		SolutionGuid = {7E5585A8-663C-4D56-9F89-08962A80D1F1}
	EndGlobalSection
EndGlobal
